
Microsoft Visual Studio Solution File, Format Version 12.00
# Visual Studio Express 2013 for Windows Desktop
VisualStudioVersion = 12.0.21005.1
MinimumVisualStudioVersion = 10.0.40219.1
Project("{FAE04EC0-301F-11D3-BF4B-00C04F79EFBC}") = "Client", "Client\Client.csproj", "{00D78557-C80C-47AB-8B2E-F615D3959D01}"
EndProject
Project("{FAE04EC0-301F-11D3-BF4B-00C04F79EFBC}") = "MasterServer", "MasterServer\MasterServer.csproj", "{335AA965-63C5-47B1-906A-0AB052EE93AF}"
EndProject
Project("{FAE04EC0-301F-11D3-BF4B-00C04F79EFBC}") = "PadiDstm", "PadiDstm\PadiDstm.csproj", "{F9C8D0FE-51FE-4ACC-B9FC-F424B56258BF}"
EndProject
Project("{FAE04EC0-301F-11D3-BF4B-00C04F79EFBC}") = "DataServer", "DataServer\DataServer.csproj", "{B67FDACC-0CC6-4946-BC57-282A53A1AAB0}"
EndProject
Project("{FAE04EC0-301F-11D3-BF4B-00C04F79EFBC}") = "CommonTypes", "CommonTypes\CommonTypes.csproj", "{C9156A5C-E4BB-4BD2-A047-D60E46B9D014}"
EndProject
Project("{FAE04EC0-301F-11D3-BF4B-00C04F79EFBC}") = "SampleApp", "SampleApp\SampleApp.csproj", "{7719A25E-4967-46E1-BA2B-B2B3D54F36ED}"
EndProject
Project("{FAE04EC0-301F-11D3-BF4B-00C04F79EFBC}") = "ServerLauncher", "ServerLauncher\ServerLauncher.csproj", "{F6AA6636-A787-4122-A2FB-D0393D9FB020}"
EndProject
Global
	GlobalSection(SolutionConfigurationPlatforms) = preSolution
		Debug|Any CPU = Debug|Any CPU
		Debug|Mixed Platforms = Debug|Mixed Platforms
		Debug|x86 = Debug|x86
		Release|Any CPU = Release|Any CPU
		Release|Mixed Platforms = Release|Mixed Platforms
		Release|x86 = Release|x86
	EndGlobalSection
	GlobalSection(ProjectConfigurationPlatforms) = postSolution
		{00D78557-C80C-47AB-8B2E-F615D3959D01}.Debug|Any CPU.ActiveCfg = Debug|x86
		{00D78557-C80C-47AB-8B2E-F615D3959D01}.Debug|Mixed Platforms.ActiveCfg = Debug|x86
		{00D78557-C80C-47AB-8B2E-F615D3959D01}.Debug|Mixed Platforms.Build.0 = Debug|x86
		{00D78557-C80C-47AB-8B2E-F615D3959D01}.Debug|x86.ActiveCfg = Debug|x86
		{00D78557-C80C-47AB-8B2E-F615D3959D01}.Debug|x86.Build.0 = Debug|x86
		{00D78557-C80C-47AB-8B2E-F615D3959D01}.Release|Any CPU.ActiveCfg = Release|x86
		{00D78557-C80C-47AB-8B2E-F615D3959D01}.Release|Mixed Platforms.ActiveCfg = Release|x86
		{00D78557-C80C-47AB-8B2E-F615D3959D01}.Release|Mixed Platforms.Build.0 = Release|x86
		{00D78557-C80C-47AB-8B2E-F615D3959D01}.Release|x86.ActiveCfg = Release|x86
		{00D78557-C80C-47AB-8B2E-F615D3959D01}.Release|x86.Build.0 = Release|x86
		{335AA965-63C5-47B1-906A-0AB052EE93AF}.Debug|Any CPU.ActiveCfg = Debug|x86
		{335AA965-63C5-47B1-906A-0AB052EE93AF}.Debug|Mixed Platforms.ActiveCfg = Debug|x86
		{335AA965-63C5-47B1-906A-0AB052EE93AF}.Debug|Mixed Platforms.Build.0 = Debug|x86
		{335AA965-63C5-47B1-906A-0AB052EE93AF}.Debug|x86.ActiveCfg = Debug|x86
		{335AA965-63C5-47B1-906A-0AB052EE93AF}.Debug|x86.Build.0 = Debug|x86
		{335AA965-63C5-47B1-906A-0AB052EE93AF}.Release|Any CPU.ActiveCfg = Release|x86
		{335AA965-63C5-47B1-906A-0AB052EE93AF}.Release|Mixed Platforms.ActiveCfg = Release|x86
		{335AA965-63C5-47B1-906A-0AB052EE93AF}.Release|Mixed Platforms.Build.0 = Release|x86
		{335AA965-63C5-47B1-906A-0AB052EE93AF}.Release|x86.ActiveCfg = Release|x86
		{335AA965-63C5-47B1-906A-0AB052EE93AF}.Release|x86.Build.0 = Release|x86
		{F9C8D0FE-51FE-4ACC-B9FC-F424B56258BF}.Debug|Any CPU.ActiveCfg = Debug|Any CPU
		{F9C8D0FE-51FE-4ACC-B9FC-F424B56258BF}.Debug|Any CPU.Build.0 = Debug|Any CPU
		{F9C8D0FE-51FE-4ACC-B9FC-F424B56258BF}.Debug|Mixed Platforms.ActiveCfg = Debug|Any CPU
		{F9C8D0FE-51FE-4ACC-B9FC-F424B56258BF}.Debug|Mixed Platforms.Build.0 = Debug|Any CPU
		{F9C8D0FE-51FE-4ACC-B9FC-F424B56258BF}.Debug|x86.ActiveCfg = Debug|Any CPU
		{F9C8D0FE-51FE-4ACC-B9FC-F424B56258BF}.Release|Any CPU.ActiveCfg = Release|Any CPU
		{F9C8D0FE-51FE-4ACC-B9FC-F424B56258BF}.Release|Any CPU.Build.0 = Release|Any CPU
		{F9C8D0FE-51FE-4ACC-B9FC-F424B56258BF}.Release|Mixed Platforms.ActiveCfg = Release|Any CPU
		{F9C8D0FE-51FE-4ACC-B9FC-F424B56258BF}.Release|Mixed Platforms.Build.0 = Release|Any CPU
		{F9C8D0FE-51FE-4ACC-B9FC-F424B56258BF}.Release|x86.ActiveCfg = Release|Any CPU
		{B67FDACC-0CC6-4946-BC57-282A53A1AAB0}.Debug|Any CPU.ActiveCfg = Debug|x86
		{B67FDACC-0CC6-4946-BC57-282A53A1AAB0}.Debug|Mixed Platforms.ActiveCfg = Debug|x86
		{B67FDACC-0CC6-4946-BC57-282A53A1AAB0}.Debug|Mixed Platforms.Build.0 = Debug|x86
		{B67FDACC-0CC6-4946-BC57-282A53A1AAB0}.Debug|x86.ActiveCfg = Debug|x86
		{B67FDACC-0CC6-4946-BC57-282A53A1AAB0}.Debug|x86.Build.0 = Debug|x86
		{B67FDACC-0CC6-4946-BC57-282A53A1AAB0}.Release|Any CPU.ActiveCfg = Release|x86
		{B67FDACC-0CC6-4946-BC57-282A53A1AAB0}.Release|Mixed Platforms.ActiveCfg = Release|x86
		{B67FDACC-0CC6-4946-BC57-282A53A1AAB0}.Release|Mixed Platforms.Build.0 = Release|x86
		{B67FDACC-0CC6-4946-BC57-282A53A1AAB0}.Release|x86.ActiveCfg = Release|x86
		{B67FDACC-0CC6-4946-BC57-282A53A1AAB0}.Release|x86.Build.0 = Release|x86
		{C9156A5C-E4BB-4BD2-A047-D60E46B9D014}.Debug|Any CPU.ActiveCfg = Debug|Any CPU
		{C9156A5C-E4BB-4BD2-A047-D60E46B9D014}.Debug|Any CPU.Build.0 = Debug|Any CPU
		{C9156A5C-E4BB-4BD2-A047-D60E46B9D014}.Debug|Mixed Platforms.ActiveCfg = Debug|Any CPU
		{C9156A5C-E4BB-4BD2-A047-D60E46B9D014}.Debug|Mixed Platforms.Build.0 = Debug|Any CPU
		{C9156A5C-E4BB-4BD2-A047-D60E46B9D014}.Debug|x86.ActiveCfg = Debug|Any CPU
		{C9156A5C-E4BB-4BD2-A047-D60E46B9D014}.Release|Any CPU.ActiveCfg = Release|Any CPU
		{C9156A5C-E4BB-4BD2-A047-D60E46B9D014}.Release|Any CPU.Build.0 = Release|Any CPU
		{C9156A5C-E4BB-4BD2-A047-D60E46B9D014}.Release|Mixed Platforms.ActiveCfg = Release|Any CPU
		{C9156A5C-E4BB-4BD2-A047-D60E46B9D014}.Release|Mixed Platforms.Build.0 = Release|Any CPU
		{C9156A5C-E4BB-4BD2-A047-D60E46B9D014}.Release|x86.ActiveCfg = Release|Any CPU
		{7719A25E-4967-46E1-BA2B-B2B3D54F36ED}.Debug|Any CPU.ActiveCfg = Debug|Any CPU
		{7719A25E-4967-46E1-BA2B-B2B3D54F36ED}.Debug|Any CPU.Build.0 = Debug|Any CPU
		{7719A25E-4967-46E1-BA2B-B2B3D54F36ED}.Debug|Mixed Platforms.ActiveCfg = Debug|Any CPU
		{7719A25E-4967-46E1-BA2B-B2B3D54F36ED}.Debug|Mixed Platforms.Build.0 = Debug|Any CPU
		{7719A25E-4967-46E1-BA2B-B2B3D54F36ED}.Debug|x86.ActiveCfg = Debug|Any CPU
		{7719A25E-4967-46E1-BA2B-B2B3D54F36ED}.Release|Any CPU.ActiveCfg = Release|Any CPU
		{7719A25E-4967-46E1-BA2B-B2B3D54F36ED}.Release|Any CPU.Build.0 = Release|Any CPU
		{7719A25E-4967-46E1-BA2B-B2B3D54F36ED}.Release|Mixed Platforms.ActiveCfg = Release|Any CPU
		{7719A25E-4967-46E1-BA2B-B2B3D54F36ED}.Release|Mixed Platforms.Build.0 = Release|Any CPU
		{7719A25E-4967-46E1-BA2B-B2B3D54F36ED}.Release|x86.ActiveCfg = Release|Any CPU
		{F6AA6636-A787-4122-A2FB-D0393D9FB020}.Debug|Any CPU.ActiveCfg = Debug|Any CPU
		{F6AA6636-A787-4122-A2FB-D0393D9FB020}.Debug|Any CPU.Build.0 = Debug|Any CPU
		{F6AA6636-A787-4122-A2FB-D0393D9FB020}.Debug|Mixed Platforms.ActiveCfg = Debug|Any CPU
		{F6AA6636-A787-4122-A2FB-D0393D9FB020}.Debug|Mixed Platforms.Build.0 = Debug|Any CPU
		{F6AA6636-A787-4122-A2FB-D0393D9FB020}.Debug|x86.ActiveCfg = Debug|Any CPU
		{F6AA6636-A787-4122-A2FB-D0393D9FB020}.Release|Any CPU.ActiveCfg = Release|Any CPU
		{F6AA6636-A787-4122-A2FB-D0393D9FB020}.Release|Any CPU.Build.0 = Release|Any CPU
		{F6AA6636-A787-4122-A2FB-D0393D9FB020}.Release|Mixed Platforms.ActiveCfg = Release|Any CPU
		{F6AA6636-A787-4122-A2FB-D0393D9FB020}.Release|Mixed Platforms.Build.0 = Release|Any CPU
		{F6AA6636-A787-4122-A2FB-D0393D9FB020}.Release|x86.ActiveCfg = Release|Any CPU
	EndGlobalSection
	GlobalSection(SolutionProperties) = preSolution
		HideSolutionNode = FALSE
	EndGlobalSection
EndGlobal
